{
  "name": "example",
  "version": "1.0.0",
  "lockfileVersion": 1,
  "requires": true,
  "dependencies": {
    "@types/node": {
      "version": "13.13.0",
      "resolved": "https://registry.npmjs.org/@types/node/-/node-13.13.0.tgz",
      "integrity": "sha512-WE4IOAC6r/yBZss1oQGM5zs2D7RuKR6Q+w+X2SouPofnWn+LbCqClRyhO3ZE7Ix8nmFgo/oVuuE01cJT2XB13A==",
      "dev": true
    },
    "node-fetch": {
      "version": "2.6.0",
      "resolved": "https://registry.npmjs.org/node-fetch/-/node-fetch-2.6.0.tgz",
      "integrity": "sha512-8dG4H5ujfvFiqDmVu9fQ5bOHUC15JMjMY/Zumv26oOvvVJjM67KF8koCWIabKQ1GJIa9r2mMZscBq/TbdOcmNA=="
    },
    "reference-package": {
      "version": "0.1.2",
      "resolved": "https://registry.npmjs.org/reference-package/-/reference-package-0.1.2.tgz",
      "integrity": "sha512-LDdZRL8GAAHw6EkZ1v622xX6DJPvRXvFGwZRveM6jQ2A5fVSmVw6jVmU0g6rReOLtZb6D+dGrVZ8JzcDD53PWw==",
      "requires": {
        "node-fetch": "^2.6.0"
      }
    },
    "typescript": {
      "version": "3.8.3",
      "resolved": "https://registry.npmjs.org/typescript/-/typescript-3.8.3.tgz",
      "integrity": "sha512-MYlEfn5VrLNsgudQTVJeNaQFUAI7DkhnOjdpAp4T+ku1TfQClewlbSuTVHiA+8skNBgaf02TL/kLOvig4y3G8w==",
      "dev": true
    }
  }
}
