{
  "name": "example",
  "version": "1.0.0",
  "lockfileVersion": 1,
  "requires": true,
  "dependencies": {
    "node-fetch": {
      "version": "2.6.0",
      "resolved": "https://registry.npmjs.org/node-fetch/-/node-fetch-2.6.0.tgz",
      "integrity": "sha512-8dG4H5ujfvFiqDmVu9fQ5bOHUC15JMjMY/Zumv26oOvvVJjM67KF8koCWIabKQ1GJIa9r2mMZscBq/TbdOcmNA=="
    },
    "reference-package": {
      "version": "0.1.0",
      "resolved": "https://registry.npmjs.org/reference-package/-/reference-package-0.1.0.tgz",
      "integrity": "sha512-EYsl0g0J5APlMDRP7utltGZSSeTqgbN5VTMUH3iW/dELIbfZbttgwMeeDk+HlPPV4VpK25XzElx+Cf/jn8f0XQ==",
      "requires": {
        "node-fetch": "^2.6.0"
      }
    }
  }
}
